
Microsoft Visual Studio Solution File, Format Version 12.00
# Visual Studio Version 16
VisualStudioVersion = 16.0.29728.190
MinimumVisualStudioVersion = 10.0.40219.1
Project("{9A19103F-16F7-4668-BE54-9A1E7A4F7556}") = "RedisConnectionSamples", "RedisConnectionSamples\RedisConnectionSamples.csproj", "{D141B080-7393-4B1D-80CF-36A4014EABCE}"
EndProject
Project("{9A19103F-16F7-4668-BE54-9A1E7A4F7556}") = "RedisTests", "RedisTests\RedisTests.csproj", "{40FA3416-4A40-4BD0-9679-26566915A40B}"
EndProject
Project("{2150E333-8FDC-42A3-9474-1A3956D46DE8}") = "Solution Items", "Solution Items", "{4B53DB7F-B19D-4C39-8C04-93DB2089BE91}"
	ProjectSection(SolutionItems) = preProject
		README.md = README.md
	EndProjectSection
EndProject
Global
	GlobalSection(SolutionConfigurationPlatforms) = preSolution
		Debug|Any CPU = Debug|Any CPU
		Release|Any CPU = Release|Any CPU
	EndGlobalSection
	GlobalSection(ProjectConfigurationPlatforms) = postSolution
		{D141B080-7393-4B1D-80CF-36A4014EABCE}.Debug|Any CPU.ActiveCfg = Debug|Any CPU
		{D141B080-7393-4B1D-80CF-36A4014EABCE}.Debug|Any CPU.Build.0 = Debug|Any CPU
		{D141B080-7393-4B1D-80CF-36A4014EABCE}.Release|Any CPU.ActiveCfg = Release|Any CPU
		{D141B080-7393-4B1D-80CF-36A4014EABCE}.Release|Any CPU.Build.0 = Release|Any CPU
		{40FA3416-4A40-4BD0-9679-26566915A40B}.Debug|Any CPU.ActiveCfg = Debug|Any CPU
		{40FA3416-4A40-4BD0-9679-26566915A40B}.Debug|Any CPU.Build.0 = Debug|Any CPU
		{40FA3416-4A40-4BD0-9679-26566915A40B}.Release|Any CPU.ActiveCfg = Release|Any CPU
		{40FA3416-4A40-4BD0-9679-26566915A40B}.Release|Any CPU.Build.0 = Release|Any CPU
	EndGlobalSection
	GlobalSection(SolutionProperties) = preSolution
		HideSolutionNode = FALSE
	EndGlobalSection
	GlobalSection(ExtensibilityGlobals) = postSolution
		SolutionGuid = {33821166-D81F-4445-91E9-F8F3B2BCC46F}
	EndGlobalSection
EndGlobal
